
Microsoft Visual Studio Solution File, Format Version 12.00
# Visual Studio Version 17
VisualStudioVersion = 17.11.35303.130
MinimumVisualStudioVersion = 10.0.40219.1
Project("{FAE04EC0-301F-11D3-BF4B-00C04F79EFBC}") = "Test1_Blue_Api", "Test1_Blue_Api\Test1_Blue_Api.csproj", "{31CEACF5-9136-4940-93C0-D811314F97EC}"
EndProject
Global
	GlobalSection(SolutionConfigurationPlatforms) = preSolution
		Debug|Any CPU = Debug|Any CPU
		Release|Any CPU = Release|Any CPU
	EndGlobalSection
	GlobalSection(ProjectConfigurationPlatforms) = postSolution
		{31CEACF5-9136-4940-93C0-D811314F97EC}.Debug|Any CPU.ActiveCfg = Debug|Any CPU
		{31CEACF5-9136-4940-93C0-D811314F97EC}.Debug|Any CPU.Build.0 = Debug|Any CPU
		{31CEACF5-9136-4940-93C0-D811314F97EC}.Release|Any CPU.ActiveCfg = Release|Any CPU
		{31CEACF5-9136-4940-93C0-D811314F97EC}.Release|Any CPU.Build.0 = Release|Any CPU
	EndGlobalSection
	GlobalSection(SolutionProperties) = preSolution
		HideSolutionNode = FALSE
	EndGlobalSection
	GlobalSection(ExtensibilityGlobals) = postSolution
		SolutionGuid = {E9764AA5-E7A9-44E4-962C-69D339821702}
	EndGlobalSection
EndGlobal
